
Microsoft Visual Studio Solution File, Format Version 12.00
# Visual Studio Version 17
VisualStudioVersion = 17.5.33414.496
MinimumVisualStudioVersion = 10.0.40219.1
Project("{9A19103F-16F7-4668-BE54-9A1E7A4F7556}") = "Hypo", "Hypo.csproj", "{B46D54AF-2515-4086-A3CA-D45646E5FC5B}"
EndProject
Project("{FAE04EC0-301F-11D3-BF4B-00C04F79EFBC}") = "UnitTest", "UnitTest\UnitTest.csproj", "{E82067A5-C195-4A72-8A8D-1F279AF23119}"
EndProject
Global
	GlobalSection(SolutionConfigurationPlatforms) = preSolution
		Debug|Any CPU = Debug|Any CPU
		Release|Any CPU = Release|Any CPU
	EndGlobalSection
	GlobalSection(ProjectConfigurationPlatforms) = postSolution
		{B46D54AF-2515-4086-A3CA-D45646E5FC5B}.Debug|Any CPU.ActiveCfg = Debug|Any CPU
		{B46D54AF-2515-4086-A3CA-D45646E5FC5B}.Debug|Any CPU.Build.0 = Debug|Any CPU
		{B46D54AF-2515-4086-A3CA-D45646E5FC5B}.Release|Any CPU.ActiveCfg = Release|Any CPU
		{B46D54AF-2515-4086-A3CA-D45646E5FC5B}.Release|Any CPU.Build.0 = Release|Any CPU
		{E82067A5-C195-4A72-8A8D-1F279AF23119}.Debug|Any CPU.ActiveCfg = Debug|Any CPU
		{E82067A5-C195-4A72-8A8D-1F279AF23119}.Debug|Any CPU.Build.0 = Debug|Any CPU
		{E82067A5-C195-4A72-8A8D-1F279AF23119}.Release|Any CPU.ActiveCfg = Release|Any CPU
		{E82067A5-C195-4A72-8A8D-1F279AF23119}.Release|Any CPU.Build.0 = Release|Any CPU
	EndGlobalSection
	GlobalSection(SolutionProperties) = preSolution
		HideSolutionNode = FALSE
	EndGlobalSection
	GlobalSection(ExtensibilityGlobals) = postSolution
		SolutionGuid = {9B8A7CE9-9FDC-44C5-BEA9-F3969774CE56}
	EndGlobalSection
EndGlobal
